
Microsoft Visual Studio Solution File, Format Version 12.00
# Visual Studio 15
VisualStudioVersion = 15.0.26124.0
MinimumVisualStudioVersion = 15.0.26124.0
Project("{9A19103F-16F7-4668-BE54-9A1E7A4F7556}") = "R5T.Findhorn.DropboxRivet.Construction", "R5T.Findhorn.DropboxRivet.Construction\R5T.Findhorn.DropboxRivet.Construction.csproj", "{27709399-4D8B-4CF7-8069-D04E12E4C832}"
EndProject
Project("{9A19103F-16F7-4668-BE54-9A1E7A4F7556}") = "R5T.Findhorn.DropboxRivet", "R5T.Findhorn.DropboxRivet\R5T.Findhorn.DropboxRivet.csproj", "{94C7A694-DD0A-4A70-8544-BF897F613B70}"
EndProject
Project("{9A19103F-16F7-4668-BE54-9A1E7A4F7556}") = "R5T.Findhorn.DropboxRivet.Testing", "R5T.Findhorn.DropboxRivet.Testing\R5T.Findhorn.DropboxRivet.Testing.csproj", "{D28FBFC8-A669-42F9-A7DA-64FD789C267D}"
EndProject
Project("{2150E333-8FDC-42A3-9474-1A3956D46DE8}") = "_Dependencies", "_Dependencies", "{1654A2C2-EC73-4096-A25C-47A2C3793F3B}"
EndProject
Project("{9A19103F-16F7-4668-BE54-9A1E7A4F7556}") = "R5T.Findhorn.Dimitrios", "..\..\R5T.Findhorn.Dimitrios\source\R5T.Findhorn.Dimitrios\R5T.Findhorn.Dimitrios.csproj", "{DF8B9ABC-0F27-4B13-8AD6-31731BEDABA5}"
EndProject
Project("{9A19103F-16F7-4668-BE54-9A1E7A4F7556}") = "R5T.Dalkeith.Standard", "..\..\R5T.Dalkeith.Standard\source\R5T.Dalkeith.Standard\R5T.Dalkeith.Standard.csproj", "{1A922BD3-A0B4-4333-B0FC-BAF4531A5100}"
EndProject
Project("{9A19103F-16F7-4668-BE54-9A1E7A4F7556}") = "R5T.Dimitrios.DropboxRivet", "..\..\R5T.Dimitrios.DropboxRivet\source\R5T.Dimitrios.DropboxRivet\R5T.Dimitrios.DropboxRivet.csproj", "{9D842864-E04F-4356-B47E-783D1EF647E5}"
EndProject
Project("{9A19103F-16F7-4668-BE54-9A1E7A4F7556}") = "R5T.Lombardy.Standard", "..\..\R5T.Lombardy.Standard\source\R5T.Lombardy.Standard\R5T.Lombardy.Standard.csproj", "{1352F0D4-6F43-415A-923D-8B65FEF073EC}"
EndProject
Project("{9A19103F-16F7-4668-BE54-9A1E7A4F7556}") = "R5T.Dalkeith.Base", "..\..\R5T.Dalkeith.Base\source\R5T.Dalkeith.Base\R5T.Dalkeith.Base.csproj", "{36DADE61-755E-46A5-AC37-152057D5EF2B}"
EndProject
Project("{9A19103F-16F7-4668-BE54-9A1E7A4F7556}") = "R5T.Dimitrios.Base", "..\..\R5T.Dimitrios.Base\source\R5T.Dimitrios.Base\R5T.Dimitrios.Base.csproj", "{21399825-D95E-4E18-BC55-72EE6D523CD7}"
EndProject
Project("{9A19103F-16F7-4668-BE54-9A1E7A4F7556}") = "R5T.Findhorn.Base", "..\..\R5T.Findhorn.Base\source\R5T.Findhorn.Base\R5T.Findhorn.Base.csproj", "{A58BD0CE-DE50-419E-9E89-25A339911170}"
EndProject
Project("{9A19103F-16F7-4668-BE54-9A1E7A4F7556}") = "R5T.Lombardy.Base", "..\..\R5T.Lombardy.Base\source\R5T.Lombardy.Base\R5T.Lombardy.Base.csproj", "{0A11E637-DC32-457F-AA8F-AC5CC6058383}"
EndProject
Project("{9A19103F-16F7-4668-BE54-9A1E7A4F7556}") = "R5T.Dacia", "..\..\R5T.Dacia\source\R5T.Dacia\R5T.Dacia.csproj", "{CC3F5AA4-66D4-4F7A-9DAF-4E6D2811DB72}"
EndProject
Project("{9A19103F-16F7-4668-BE54-9A1E7A4F7556}") = "R5T.Dalkeith.Default", "..\..\R5T.Dalkeith.Default\source\R5T.Dalkeith.Default\R5T.Dalkeith.Default.csproj", "{0FBD52D5-74EF-443C-8DFA-03C7E48F1B22}"
EndProject
Project("{9A19103F-16F7-4668-BE54-9A1E7A4F7556}") = "R5T.Dimitrios.Maoursi", "..\..\R5T.Dimitrios.Maoursi\source\R5T.Dimitrios.Maoursi\R5T.Dimitrios.Maoursi.csproj", "{E67A8530-6C0A-428B-B3C3-F163DB9CDEBD}"
EndProject
Project("{9A19103F-16F7-4668-BE54-9A1E7A4F7556}") = "R5T.Egaleo.Base", "..\..\R5T.Egaleo.Base\source\R5T.Egaleo.Base\R5T.Egaleo.Base.csproj", "{7DAFC2D0-DCEF-4A7E-8650-7EB63472F5CA}"
EndProject
Project("{9A19103F-16F7-4668-BE54-9A1E7A4F7556}") = "R5T.Egaleo.Extensions", "..\..\R5T.Egaleo.Extensions\source\R5T.Egaleo.Extensions\R5T.Egaleo.Extensions.csproj", "{68461414-2CC3-4742-87E1-7E8AF8FB50C7}"
EndProject
Project("{9A19103F-16F7-4668-BE54-9A1E7A4F7556}") = "R5T.Ostrogothia", "..\..\R5T.Ostrogothia\source\R5T.Ostrogothia\R5T.Ostrogothia.csproj", "{27DA00AB-B5FE-452F-8F72-5B12ACDE9A88}"
EndProject
Project("{9A19103F-16F7-4668-BE54-9A1E7A4F7556}") = "R5T.Maoursi.Base", "..\..\R5T.Maoursi.Base\source\R5T.Maoursi.Base\R5T.Maoursi.Base.csproj", "{7A5EE67C-5D51-45EF-8067-8FEC0E49EFEA}"
EndProject
Project("{9A19103F-16F7-4668-BE54-9A1E7A4F7556}") = "R5T.Oxford.Base", "..\..\R5T.Oxford.Base\source\R5T.Oxford.Base\R5T.Oxford.Base.csproj", "{B5679974-CE31-4A72-B185-E43DABA7C103}"
EndProject
Project("{9A19103F-16F7-4668-BE54-9A1E7A4F7556}") = "R5T.Egaleo.Standard", "..\..\R5T.Egaleo.Standard\source\R5T.Egaleo.Standard\R5T.Egaleo.Standard.csproj", "{C3B10A90-8FC8-4CA5-AB77-18A4B1692AEE}"
EndProject
Project("{9A19103F-16F7-4668-BE54-9A1E7A4F7556}") = "R5T.Egaleo.Default", "..\..\R5T.Egaleo.Default\source\R5T.Egaleo.Default\R5T.Egaleo.Default.csproj", "{BEFA0AC7-9EA2-4AC4-A884-00DF04967175}"
EndProject
Project("{9A19103F-16F7-4668-BE54-9A1E7A4F7556}") = "R5T.Lombardy", "..\..\R5T.Lombardy\source\R5T.Lombardy\R5T.Lombardy.csproj", "{9AC7801D-2FEE-4A17-A0D3-50DE38AE24CD}"
EndProject
Project("{9A19103F-16F7-4668-BE54-9A1E7A4F7556}") = "R5T.Cherusci", "..\..\R5T.Cherusci\source\R5T.Cherusci\R5T.Cherusci.csproj", "{2446DA67-32B2-43F9-A394-2F59487E11BB}"
EndProject
Project("{9A19103F-16F7-4668-BE54-9A1E7A4F7556}") = "R5T.Magyar", "..\..\R5T.Magyar\source\R5T.Magyar\R5T.Magyar.csproj", "{98C91029-5D5F-4CAE-877D-36993FD9EE7F}"
EndProject
Project("{9A19103F-16F7-4668-BE54-9A1E7A4F7556}") = "R5T.Rugia", "..\..\R5T.Rugia\source\R5T.Rugia\R5T.Rugia.csproj", "{4859F425-5B4C-4EEE-9121-705AE278B534}"
EndProject
Project("{9A19103F-16F7-4668-BE54-9A1E7A4F7556}") = "R5T.Rugia.Base", "..\..\R5T.Rugia.Base\source\R5T.Rugia.Base\R5T.Rugia.Base.csproj", "{BEDB3E1C-DD3F-49BA-9BA3-B8FD433CEBF9}"
EndProject
Project("{9A19103F-16F7-4668-BE54-9A1E7A4F7556}") = "R5T.Maoursi.Dropbox", "..\..\R5T.Maoursi.Dropbox\source\R5T.Maoursi.Dropbox\R5T.Maoursi.Dropbox.csproj", "{C9250558-0F94-438A-B9CB-687801B1A717}"
EndProject
Project("{9A19103F-16F7-4668-BE54-9A1E7A4F7556}") = "R5T.Bulgaria.UserProfileDirectory", "..\..\R5T.Bulgaria.UserProfileDirectory\source\R5T.Bulgaria.UserProfileDirectory\R5T.Bulgaria.UserProfileDirectory.csproj", "{DFE94B56-C0E1-439D-958B-E3897485B692}"
EndProject
Project("{9A19103F-16F7-4668-BE54-9A1E7A4F7556}") = "R5T.Bulgaria.Visigothia", "..\..\R5T.Bulgaria.Visigothia\source\R5T.Bulgaria.Visigothia\R5T.Bulgaria.Visigothia.csproj", "{CD7AD73C-23EE-44A4-9C63-8E9993E2249C}"
EndProject
Project("{9A19103F-16F7-4668-BE54-9A1E7A4F7556}") = "R5T.Bulgaria.Base", "..\..\R5T.Bulgaria.Base\source\R5T.Bulgaria.Base\R5T.Bulgaria.Base.csproj", "{8F1CFFF2-4D69-4904-9098-F05E41BFC49C}"
EndProject
Project("{9A19103F-16F7-4668-BE54-9A1E7A4F7556}") = "R5T.Peristeria.Base", "..\..\R5T.Peristeria.Base\source\R5T.Peristeria.Base\R5T.Peristeria.Base.csproj", "{7427B37C-B1BC-485B-A626-B0B336A78543}"
EndProject
Project("{9A19103F-16F7-4668-BE54-9A1E7A4F7556}") = "R5T.Visigothia.Base", "..\..\R5T.Visigothia.Base\source\R5T.Visigothia.Base\R5T.Visigothia.Base.csproj", "{CC45BF72-989C-42E5-971B-D19AD471453F}"
EndProject
Project("{9A19103F-16F7-4668-BE54-9A1E7A4F7556}") = "R5T.Peristeria.Standard", "..\..\R5T.Peristeria.Standard\source\R5T.Peristeria.Standard\R5T.Peristeria.Standard.csproj", "{E72F7736-F615-4235-83F8-C43EC6CA03C7}"
EndProject
Project("{9A19103F-16F7-4668-BE54-9A1E7A4F7556}") = "R5T.Peristeria.Default", "..\..\R5T.Peristeria.Default\source\R5T.Peristeria.Default\R5T.Peristeria.Default.csproj", "{C1817519-0996-469C-9E00-63D2ADA15242}"
EndProject
Project("{9A19103F-16F7-4668-BE54-9A1E7A4F7556}") = "R5T.Visigothia.Standard", "..\..\R5T.Visigothia.Standard\source\R5T.Visigothia.Standard\R5T.Visigothia.Standard.csproj", "{5CB3149B-1805-428A-8B99-1A88C6268AE6}"
EndProject
Project("{9A19103F-16F7-4668-BE54-9A1E7A4F7556}") = "R5T.Visigothia.Local.Standard", "..\..\R5T.Visigothia.Local.Standard\source\R5T.Visigothia.Local.Standard\R5T.Visigothia.Local.Standard.csproj", "{421F64C7-609A-4F87-98C0-F50E6395B00B}"
EndProject
Project("{9A19103F-16F7-4668-BE54-9A1E7A4F7556}") = "R5T.Visigothia.Local.Default", "..\..\R5T.Visigothia.Local.Default\source\R5T.Visigothia.Local.Default\R5T.Visigothia.Local.Default.csproj", "{AE3C6172-FDEE-468C-AA74-6E17AE24E887}"
EndProject
Project("{9A19103F-16F7-4668-BE54-9A1E7A4F7556}") = "R5T.Kalamaria.Standard", "..\..\R5T.Kalamaria.Standard\source\R5T.Kalamaria.Standard\R5T.Kalamaria.Standard.csproj", "{D89BD0F3-377A-476C-8ED1-DFB6022FFF8B}"
EndProject
Project("{9A19103F-16F7-4668-BE54-9A1E7A4F7556}") = "R5T.Kalamaria.Default", "..\..\R5T.Kalamaria.Default\source\R5T.Kalamaria.Default\R5T.Kalamaria.Default.csproj", "{E3E2B1B4-1B96-41EB-876A-688162E5F5D2}"
EndProject
Project("{9A19103F-16F7-4668-BE54-9A1E7A4F7556}") = "R5T.Kalamaria.Base", "..\..\R5T.Kalamaria.Base\source\R5T.Kalamaria.Base\R5T.Kalamaria.Base.csproj", "{A682A259-48FC-4659-907F-33D2D747F612}"
EndProject
Project("{9A19103F-16F7-4668-BE54-9A1E7A4F7556}") = "R5T.Maoursi.Bulgaria", "..\..\R5T.Maoursi.Bulgaria\source\R5T.Maoursi.Bulgaria\R5T.Maoursi.Bulgaria.csproj", "{08ABF6C9-F9F6-471D-A30D-87994DB9477B}"
EndProject
Project("{9A19103F-16F7-4668-BE54-9A1E7A4F7556}") = "R5T.Oxford.Rivet.Standard", "..\..\R5T.Oxford.Rivet.Standard\source\R5T.Oxford.Rivet.Standard\R5T.Oxford.Rivet.Standard.csproj", "{86DFD6F2-0D8F-4FE2-B02C-CED914D308A6}"
EndProject
Project("{9A19103F-16F7-4668-BE54-9A1E7A4F7556}") = "R5T.Oxford.Rivet", "..\..\R5T.Oxford.Rivet\source\R5T.Oxford.Rivet\R5T.Oxford.Rivet.csproj", "{094F52D7-2E75-42B9-80E7-A719CD014D5A}"
EndProject
Project("{9A19103F-16F7-4668-BE54-9A1E7A4F7556}") = "R5T.Ostrogothia.Rivet", "..\..\R5T.Ostrogothia.Rivet\source\R5T.Ostrogothia.Rivet\R5T.Ostrogothia.Rivet.csproj", "{1F18E619-65CE-4DF4-9A46-6D3EAFA19F3C}"
EndProject
Global
	GlobalSection(SolutionConfigurationPlatforms) = preSolution
		Debug|Any CPU = Debug|Any CPU
		Debug|x64 = Debug|x64
		Debug|x86 = Debug|x86
		Release|Any CPU = Release|Any CPU
		Release|x64 = Release|x64
		Release|x86 = Release|x86
	EndGlobalSection
	GlobalSection(ProjectConfigurationPlatforms) = postSolution
		{27709399-4D8B-4CF7-8069-D04E12E4C832}.Debug|Any CPU.ActiveCfg = Debug|Any CPU
		{27709399-4D8B-4CF7-8069-D04E12E4C832}.Debug|Any CPU.Build.0 = Debug|Any CPU
		{27709399-4D8B-4CF7-8069-D04E12E4C832}.Debug|x64.ActiveCfg = Debug|Any CPU
		{27709399-4D8B-4CF7-8069-D04E12E4C832}.Debug|x64.Build.0 = Debug|Any CPU
		{27709399-4D8B-4CF7-8069-D04E12E4C832}.Debug|x86.ActiveCfg = Debug|Any CPU
		{27709399-4D8B-4CF7-8069-D04E12E4C832}.Debug|x86.Build.0 = Debug|Any CPU
		{27709399-4D8B-4CF7-8069-D04E12E4C832}.Release|Any CPU.ActiveCfg = Release|Any CPU
		{27709399-4D8B-4CF7-8069-D04E12E4C832}.Release|Any CPU.Build.0 = Release|Any CPU
		{27709399-4D8B-4CF7-8069-D04E12E4C832}.Release|x64.ActiveCfg = Release|Any CPU
		{27709399-4D8B-4CF7-8069-D04E12E4C832}.Release|x64.Build.0 = Release|Any CPU
		{27709399-4D8B-4CF7-8069-D04E12E4C832}.Release|x86.ActiveCfg = Release|Any CPU
		{27709399-4D8B-4CF7-8069-D04E12E4C832}.Release|x86.Build.0 = Release|Any CPU
		{94C7A694-DD0A-4A70-8544-BF897F613B70}.Debug|Any CPU.ActiveCfg = Debug|Any CPU
		{94C7A694-DD0A-4A70-8544-BF897F613B70}.Debug|Any CPU.Build.0 = Debug|Any CPU
		{94C7A694-DD0A-4A70-8544-BF897F613B70}.Debug|x64.ActiveCfg = Debug|Any CPU
		{94C7A694-DD0A-4A70-8544-BF897F613B70}.Debug|x64.Build.0 = Debug|Any CPU
		{94C7A694-DD0A-4A70-8544-BF897F613B70}.Debug|x86.ActiveCfg = Debug|Any CPU
		{94C7A694-DD0A-4A70-8544-BF897F613B70}.Debug|x86.Build.0 = Debug|Any CPU
		{94C7A694-DD0A-4A70-8544-BF897F613B70}.Release|Any CPU.ActiveCfg = Release|Any CPU
		{94C7A694-DD0A-4A70-8544-BF897F613B70}.Release|Any CPU.Build.0 = Release|Any CPU
		{94C7A694-DD0A-4A70-8544-BF897F613B70}.Release|x64.ActiveCfg = Release|Any CPU
		{94C7A694-DD0A-4A70-8544-BF897F613B70}.Release|x64.Build.0 = Release|Any CPU
		{94C7A694-DD0A-4A70-8544-BF897F613B70}.Release|x86.ActiveCfg = Release|Any CPU
		{94C7A694-DD0A-4A70-8544-BF897F613B70}.Release|x86.Build.0 = Release|Any CPU
		{D28FBFC8-A669-42F9-A7DA-64FD789C267D}.Debug|Any CPU.ActiveCfg = Debug|Any CPU
		{D28FBFC8-A669-42F9-A7DA-64FD789C267D}.Debug|Any CPU.Build.0 = Debug|Any CPU
		{D28FBFC8-A669-42F9-A7DA-64FD789C267D}.Debug|x64.ActiveCfg = Debug|Any CPU
		{D28FBFC8-A669-42F9-A7DA-64FD789C267D}.Debug|x64.Build.0 = Debug|Any CPU
		{D28FBFC8-A669-42F9-A7DA-64FD789C267D}.Debug|x86.ActiveCfg = Debug|Any CPU
		{D28FBFC8-A669-42F9-A7DA-64FD789C267D}.Debug|x86.Build.0 = Debug|Any CPU
		{D28FBFC8-A669-42F9-A7DA-64FD789C267D}.Release|Any CPU.ActiveCfg = Release|Any CPU
		{D28FBFC8-A669-42F9-A7DA-64FD789C267D}.Release|Any CPU.Build.0 = Release|Any CPU
		{D28FBFC8-A669-42F9-A7DA-64FD789C267D}.Release|x64.ActiveCfg = Release|Any CPU
		{D28FBFC8-A669-42F9-A7DA-64FD789C267D}.Release|x64.Build.0 = Release|Any CPU
		{D28FBFC8-A669-42F9-A7DA-64FD789C267D}.Release|x86.ActiveCfg = Release|Any CPU
		{D28FBFC8-A669-42F9-A7DA-64FD789C267D}.Release|x86.Build.0 = Release|Any CPU
		{DF8B9ABC-0F27-4B13-8AD6-31731BEDABA5}.Debug|Any CPU.ActiveCfg = Debug|Any CPU
		{DF8B9ABC-0F27-4B13-8AD6-31731BEDABA5}.Debug|Any CPU.Build.0 = Debug|Any CPU
		{DF8B9ABC-0F27-4B13-8AD6-31731BEDABA5}.Debug|x64.ActiveCfg = Debug|Any CPU
		{DF8B9ABC-0F27-4B13-8AD6-31731BEDABA5}.Debug|x64.Build.0 = Debug|Any CPU
		{DF8B9ABC-0F27-4B13-8AD6-31731BEDABA5}.Debug|x86.ActiveCfg = Debug|Any CPU
		{DF8B9ABC-0F27-4B13-8AD6-31731BEDABA5}.Debug|x86.Build.0 = Debug|Any CPU
		{DF8B9ABC-0F27-4B13-8AD6-31731BEDABA5}.Release|Any CPU.ActiveCfg = Release|Any CPU
		{DF8B9ABC-0F27-4B13-8AD6-31731BEDABA5}.Release|Any CPU.Build.0 = Release|Any CPU
		{DF8B9ABC-0F27-4B13-8AD6-31731BEDABA5}.Release|x64.ActiveCfg = Release|Any CPU
		{DF8B9ABC-0F27-4B13-8AD6-31731BEDABA5}.Release|x64.Build.0 = Release|Any CPU
		{DF8B9ABC-0F27-4B13-8AD6-31731BEDABA5}.Release|x86.ActiveCfg = Release|Any CPU
		{DF8B9ABC-0F27-4B13-8AD6-31731BEDABA5}.Release|x86.Build.0 = Release|Any CPU
		{1A922BD3-A0B4-4333-B0FC-BAF4531A5100}.Debug|Any CPU.ActiveCfg = Debug|Any CPU
		{1A922BD3-A0B4-4333-B0FC-BAF4531A5100}.Debug|Any CPU.Build.0 = Debug|Any CPU
		{1A922BD3-A0B4-4333-B0FC-BAF4531A5100}.Debug|x64.ActiveCfg = Debug|Any CPU
		{1A922BD3-A0B4-4333-B0FC-BAF4531A5100}.Debug|x64.Build.0 = Debug|Any CPU
		{1A922BD3-A0B4-4333-B0FC-BAF4531A5100}.Debug|x86.ActiveCfg = Debug|Any CPU
		{1A922BD3-A0B4-4333-B0FC-BAF4531A5100}.Debug|x86.Build.0 = Debug|Any CPU
		{1A922BD3-A0B4-4333-B0FC-BAF4531A5100}.Release|Any CPU.ActiveCfg = Release|Any CPU
		{1A922BD3-A0B4-4333-B0FC-BAF4531A5100}.Release|Any CPU.Build.0 = Release|Any CPU
		{1A922BD3-A0B4-4333-B0FC-BAF4531A5100}.Release|x64.ActiveCfg = Release|Any CPU
		{1A922BD3-A0B4-4333-B0FC-BAF4531A5100}.Release|x64.Build.0 = Release|Any CPU
		{1A922BD3-A0B4-4333-B0FC-BAF4531A5100}.Release|x86.ActiveCfg = Release|Any CPU
		{1A922BD3-A0B4-4333-B0FC-BAF4531A5100}.Release|x86.Build.0 = Release|Any CPU
		{9D842864-E04F-4356-B47E-783D1EF647E5}.Debug|Any CPU.ActiveCfg = Debug|Any CPU
		{9D842864-E04F-4356-B47E-783D1EF647E5}.Debug|Any CPU.Build.0 = Debug|Any CPU
		{9D842864-E04F-4356-B47E-783D1EF647E5}.Debug|x64.ActiveCfg = Debug|Any CPU
		{9D842864-E04F-4356-B47E-783D1EF647E5}.Debug|x64.Build.0 = Debug|Any CPU
		{9D842864-E04F-4356-B47E-783D1EF647E5}.Debug|x86.ActiveCfg = Debug|Any CPU
		{9D842864-E04F-4356-B47E-783D1EF647E5}.Debug|x86.Build.0 = Debug|Any CPU
		{9D842864-E04F-4356-B47E-783D1EF647E5}.Release|Any CPU.ActiveCfg = Release|Any CPU
		{9D842864-E04F-4356-B47E-783D1EF647E5}.Release|Any CPU.Build.0 = Release|Any CPU
		{9D842864-E04F-4356-B47E-783D1EF647E5}.Release|x64.ActiveCfg = Release|Any CPU
		{9D842864-E04F-4356-B47E-783D1EF647E5}.Release|x64.Build.0 = Release|Any CPU
		{9D842864-E04F-4356-B47E-783D1EF647E5}.Release|x86.ActiveCfg = Release|Any CPU
		{9D842864-E04F-4356-B47E-783D1EF647E5}.Release|x86.Build.0 = Release|Any CPU
		{1352F0D4-6F43-415A-923D-8B65FEF073EC}.Debug|Any CPU.ActiveCfg = Debug|Any CPU
		{1352F0D4-6F43-415A-923D-8B65FEF073EC}.Debug|Any CPU.Build.0 = Debug|Any CPU
		{1352F0D4-6F43-415A-923D-8B65FEF073EC}.Debug|x64.ActiveCfg = Debug|Any CPU
		{1352F0D4-6F43-415A-923D-8B65FEF073EC}.Debug|x64.Build.0 = Debug|Any CPU
		{1352F0D4-6F43-415A-923D-8B65FEF073EC}.Debug|x86.ActiveCfg = Debug|Any CPU
		{1352F0D4-6F43-415A-923D-8B65FEF073EC}.Debug|x86.Build.0 = Debug|Any CPU
		{1352F0D4-6F43-415A-923D-8B65FEF073EC}.Release|Any CPU.ActiveCfg = Release|Any CPU
		{1352F0D4-6F43-415A-923D-8B65FEF073EC}.Release|Any CPU.Build.0 = Release|Any CPU
		{1352F0D4-6F43-415A-923D-8B65FEF073EC}.Release|x64.ActiveCfg = Release|Any CPU
		{1352F0D4-6F43-415A-923D-8B65FEF073EC}.Release|x64.Build.0 = Release|Any CPU
		{1352F0D4-6F43-415A-923D-8B65FEF073EC}.Release|x86.ActiveCfg = Release|Any CPU
		{1352F0D4-6F43-415A-923D-8B65FEF073EC}.Release|x86.Build.0 = Release|Any CPU
		{36DADE61-755E-46A5-AC37-152057D5EF2B}.Debug|Any CPU.ActiveCfg = Debug|Any CPU
		{36DADE61-755E-46A5-AC37-152057D5EF2B}.Debug|Any CPU.Build.0 = Debug|Any CPU
		{36DADE61-755E-46A5-AC37-152057D5EF2B}.Debug|x64.ActiveCfg = Debug|Any CPU
		{36DADE61-755E-46A5-AC37-152057D5EF2B}.Debug|x64.Build.0 = Debug|Any CPU
		{36DADE61-755E-46A5-AC37-152057D5EF2B}.Debug|x86.ActiveCfg = Debug|Any CPU
		{36DADE61-755E-46A5-AC37-152057D5EF2B}.Debug|x86.Build.0 = Debug|Any CPU
		{36DADE61-755E-46A5-AC37-152057D5EF2B}.Release|Any CPU.ActiveCfg = Release|Any CPU
		{36DADE61-755E-46A5-AC37-152057D5EF2B}.Release|Any CPU.Build.0 = Release|Any CPU
		{36DADE61-755E-46A5-AC37-152057D5EF2B}.Release|x64.ActiveCfg = Release|Any CPU
		{36DADE61-755E-46A5-AC37-152057D5EF2B}.Release|x64.Build.0 = Release|Any CPU
		{36DADE61-755E-46A5-AC37-152057D5EF2B}.Release|x86.ActiveCfg = Release|Any CPU
		{36DADE61-755E-46A5-AC37-152057D5EF2B}.Release|x86.Build.0 = Release|Any CPU
		{21399825-D95E-4E18-BC55-72EE6D523CD7}.Debug|Any CPU.ActiveCfg = Debug|Any CPU
		{21399825-D95E-4E18-BC55-72EE6D523CD7}.Debug|Any CPU.Build.0 = Debug|Any CPU
		{21399825-D95E-4E18-BC55-72EE6D523CD7}.Debug|x64.ActiveCfg = Debug|Any CPU
		{21399825-D95E-4E18-BC55-72EE6D523CD7}.Debug|x64.Build.0 = Debug|Any CPU
		{21399825-D95E-4E18-BC55-72EE6D523CD7}.Debug|x86.ActiveCfg = Debug|Any CPU
		{21399825-D95E-4E18-BC55-72EE6D523CD7}.Debug|x86.Build.0 = Debug|Any CPU
		{21399825-D95E-4E18-BC55-72EE6D523CD7}.Release|Any CPU.ActiveCfg = Release|Any CPU
		{21399825-D95E-4E18-BC55-72EE6D523CD7}.Release|Any CPU.Build.0 = Release|Any CPU
		{21399825-D95E-4E18-BC55-72EE6D523CD7}.Release|x64.ActiveCfg = Release|Any CPU
		{21399825-D95E-4E18-BC55-72EE6D523CD7}.Release|x64.Build.0 = Release|Any CPU
		{21399825-D95E-4E18-BC55-72EE6D523CD7}.Release|x86.ActiveCfg = Release|Any CPU
		{21399825-D95E-4E18-BC55-72EE6D523CD7}.Release|x86.Build.0 = Release|Any CPU
		{A58BD0CE-DE50-419E-9E89-25A339911170}.Debug|Any CPU.ActiveCfg = Debug|Any CPU
		{A58BD0CE-DE50-419E-9E89-25A339911170}.Debug|Any CPU.Build.0 = Debug|Any CPU
		{A58BD0CE-DE50-419E-9E89-25A339911170}.Debug|x64.ActiveCfg = Debug|Any CPU
		{A58BD0CE-DE50-419E-9E89-25A339911170}.Debug|x64.Build.0 = Debug|Any CPU
		{A58BD0CE-DE50-419E-9E89-25A339911170}.Debug|x86.ActiveCfg = Debug|Any CPU
		{A58BD0CE-DE50-419E-9E89-25A339911170}.Debug|x86.Build.0 = Debug|Any CPU
		{A58BD0CE-DE50-419E-9E89-25A339911170}.Release|Any CPU.ActiveCfg = Release|Any CPU
		{A58BD0CE-DE50-419E-9E89-25A339911170}.Release|Any CPU.Build.0 = Release|Any CPU
		{A58BD0CE-DE50-419E-9E89-25A339911170}.Release|x64.ActiveCfg = Release|Any CPU
		{A58BD0CE-DE50-419E-9E89-25A339911170}.Release|x64.Build.0 = Release|Any CPU
		{A58BD0CE-DE50-419E-9E89-25A339911170}.Release|x86.ActiveCfg = Release|Any CPU
		{A58BD0CE-DE50-419E-9E89-25A339911170}.Release|x86.Build.0 = Release|Any CPU
		{0A11E637-DC32-457F-AA8F-AC5CC6058383}.Debug|Any CPU.ActiveCfg = Debug|Any CPU
		{0A11E637-DC32-457F-AA8F-AC5CC6058383}.Debug|Any CPU.Build.0 = Debug|Any CPU
		{0A11E637-DC32-457F-AA8F-AC5CC6058383}.Debug|x64.ActiveCfg = Debug|Any CPU
		{0A11E637-DC32-457F-AA8F-AC5CC6058383}.Debug|x64.Build.0 = Debug|Any CPU
		{0A11E637-DC32-457F-AA8F-AC5CC6058383}.Debug|x86.ActiveCfg = Debug|Any CPU
		{0A11E637-DC32-457F-AA8F-AC5CC6058383}.Debug|x86.Build.0 = Debug|Any CPU
		{0A11E637-DC32-457F-AA8F-AC5CC6058383}.Release|Any CPU.ActiveCfg = Release|Any CPU
		{0A11E637-DC32-457F-AA8F-AC5CC6058383}.Release|Any CPU.Build.0 = Release|Any CPU
		{0A11E637-DC32-457F-AA8F-AC5CC6058383}.Release|x64.ActiveCfg = Release|Any CPU
		{0A11E637-DC32-457F-AA8F-AC5CC6058383}.Release|x64.Build.0 = Release|Any CPU
		{0A11E637-DC32-457F-AA8F-AC5CC6058383}.Release|x86.ActiveCfg = Release|Any CPU
		{0A11E637-DC32-457F-AA8F-AC5CC6058383}.Release|x86.Build.0 = Release|Any CPU
		{CC3F5AA4-66D4-4F7A-9DAF-4E6D2811DB72}.Debug|Any CPU.ActiveCfg = Debug|Any CPU
		{CC3F5AA4-66D4-4F7A-9DAF-4E6D2811DB72}.Debug|Any CPU.Build.0 = Debug|Any CPU
		{CC3F5AA4-66D4-4F7A-9DAF-4E6D2811DB72}.Debug|x64.ActiveCfg = Debug|Any CPU
		{CC3F5AA4-66D4-4F7A-9DAF-4E6D2811DB72}.Debug|x64.Build.0 = Debug|Any CPU
		{CC3F5AA4-66D4-4F7A-9DAF-4E6D2811DB72}.Debug|x86.ActiveCfg = Debug|Any CPU
		{CC3F5AA4-66D4-4F7A-9DAF-4E6D2811DB72}.Debug|x86.Build.0 = Debug|Any CPU
		{CC3F5AA4-66D4-4F7A-9DAF-4E6D2811DB72}.Release|Any CPU.ActiveCfg = Release|Any CPU
		{CC3F5AA4-66D4-4F7A-9DAF-4E6D2811DB72}.Release|Any CPU.Build.0 = Release|Any CPU
		{CC3F5AA4-66D4-4F7A-9DAF-4E6D2811DB72}.Release|x64.ActiveCfg = Release|Any CPU
		{CC3F5AA4-66D4-4F7A-9DAF-4E6D2811DB72}.Release|x64.Build.0 = Release|Any CPU
		{CC3F5AA4-66D4-4F7A-9DAF-4E6D2811DB72}.Release|x86.ActiveCfg = Release|Any CPU
		{CC3F5AA4-66D4-4F7A-9DAF-4E6D2811DB72}.Release|x86.Build.0 = Release|Any CPU
		{0FBD52D5-74EF-443C-8DFA-03C7E48F1B22}.Debug|Any CPU.ActiveCfg = Debug|Any CPU
		{0FBD52D5-74EF-443C-8DFA-03C7E48F1B22}.Debug|Any CPU.Build.0 = Debug|Any CPU
		{0FBD52D5-74EF-443C-8DFA-03C7E48F1B22}.Debug|x64.ActiveCfg = Debug|Any CPU
		{0FBD52D5-74EF-443C-8DFA-03C7E48F1B22}.Debug|x64.Build.0 = Debug|Any CPU
		{0FBD52D5-74EF-443C-8DFA-03C7E48F1B22}.Debug|x86.ActiveCfg = Debug|Any CPU
		{0FBD52D5-74EF-443C-8DFA-03C7E48F1B22}.Debug|x86.Build.0 = Debug|Any CPU
		{0FBD52D5-74EF-443C-8DFA-03C7E48F1B22}.Release|Any CPU.ActiveCfg = Release|Any CPU
		{0FBD52D5-74EF-443C-8DFA-03C7E48F1B22}.Release|Any CPU.Build.0 = Release|Any CPU
		{0FBD52D5-74EF-443C-8DFA-03C7E48F1B22}.Release|x64.ActiveCfg = Release|Any CPU
		{0FBD52D5-74EF-443C-8DFA-03C7E48F1B22}.Release|x64.Build.0 = Release|Any CPU
		{0FBD52D5-74EF-443C-8DFA-03C7E48F1B22}.Release|x86.ActiveCfg = Release|Any CPU
		{0FBD52D5-74EF-443C-8DFA-03C7E48F1B22}.Release|x86.Build.0 = Release|Any CPU
		{E67A8530-6C0A-428B-B3C3-F163DB9CDEBD}.Debug|Any CPU.ActiveCfg = Debug|Any CPU
		{E67A8530-6C0A-428B-B3C3-F163DB9CDEBD}.Debug|Any CPU.Build.0 = Debug|Any CPU
		{E67A8530-6C0A-428B-B3C3-F163DB9CDEBD}.Debug|x64.ActiveCfg = Debug|Any CPU
		{E67A8530-6C0A-428B-B3C3-F163DB9CDEBD}.Debug|x64.Build.0 = Debug|Any CPU
		{E67A8530-6C0A-428B-B3C3-F163DB9CDEBD}.Debug|x86.ActiveCfg = Debug|Any CPU
		{E67A8530-6C0A-428B-B3C3-F163DB9CDEBD}.Debug|x86.Build.0 = Debug|Any CPU
		{E67A8530-6C0A-428B-B3C3-F163DB9CDEBD}.Release|Any CPU.ActiveCfg = Release|Any CPU
		{E67A8530-6C0A-428B-B3C3-F163DB9CDEBD}.Release|Any CPU.Build.0 = Release|Any CPU
		{E67A8530-6C0A-428B-B3C3-F163DB9CDEBD}.Release|x64.ActiveCfg = Release|Any CPU
		{E67A8530-6C0A-428B-B3C3-F163DB9CDEBD}.Release|x64.Build.0 = Release|Any CPU
		{E67A8530-6C0A-428B-B3C3-F163DB9CDEBD}.Release|x86.ActiveCfg = Release|Any CPU
		{E67A8530-6C0A-428B-B3C3-F163DB9CDEBD}.Release|x86.Build.0 = Release|Any CPU
		{7DAFC2D0-DCEF-4A7E-8650-7EB63472F5CA}.Debug|Any CPU.ActiveCfg = Debug|Any CPU
		{7DAFC2D0-DCEF-4A7E-8650-7EB63472F5CA}.Debug|Any CPU.Build.0 = Debug|Any CPU
		{7DAFC2D0-DCEF-4A7E-8650-7EB63472F5CA}.Debug|x64.ActiveCfg = Debug|Any CPU
		{7DAFC2D0-DCEF-4A7E-8650-7EB63472F5CA}.Debug|x64.Build.0 = Debug|Any CPU
		{7DAFC2D0-DCEF-4A7E-8650-7EB63472F5CA}.Debug|x86.ActiveCfg = Debug|Any CPU
		{7DAFC2D0-DCEF-4A7E-8650-7EB63472F5CA}.Debug|x86.Build.0 = Debug|Any CPU
		{7DAFC2D0-DCEF-4A7E-8650-7EB63472F5CA}.Release|Any CPU.ActiveCfg = Release|Any CPU
		{7DAFC2D0-DCEF-4A7E-8650-7EB63472F5CA}.Release|Any CPU.Build.0 = Release|Any CPU
		{7DAFC2D0-DCEF-4A7E-8650-7EB63472F5CA}.Release|x64.ActiveCfg = Release|Any CPU
		{7DAFC2D0-DCEF-4A7E-8650-7EB63472F5CA}.Release|x64.Build.0 = Release|Any CPU
		{7DAFC2D0-DCEF-4A7E-8650-7EB63472F5CA}.Release|x86.ActiveCfg = Release|Any CPU
		{7DAFC2D0-DCEF-4A7E-8650-7EB63472F5CA}.Release|x86.Build.0 = Release|Any CPU
		{68461414-2CC3-4742-87E1-7E8AF8FB50C7}.Debug|Any CPU.ActiveCfg = Debug|Any CPU
		{68461414-2CC3-4742-87E1-7E8AF8FB50C7}.Debug|Any CPU.Build.0 = Debug|Any CPU
		{68461414-2CC3-4742-87E1-7E8AF8FB50C7}.Debug|x64.ActiveCfg = Debug|Any CPU
		{68461414-2CC3-4742-87E1-7E8AF8FB50C7}.Debug|x64.Build.0 = Debug|Any CPU
		{68461414-2CC3-4742-87E1-7E8AF8FB50C7}.Debug|x86.ActiveCfg = Debug|Any CPU
		{68461414-2CC3-4742-87E1-7E8AF8FB50C7}.Debug|x86.Build.0 = Debug|Any CPU
		{68461414-2CC3-4742-87E1-7E8AF8FB50C7}.Release|Any CPU.ActiveCfg = Release|Any CPU
		{68461414-2CC3-4742-87E1-7E8AF8FB50C7}.Release|Any CPU.Build.0 = Release|Any CPU
		{68461414-2CC3-4742-87E1-7E8AF8FB50C7}.Release|x64.ActiveCfg = Release|Any CPU
		{68461414-2CC3-4742-87E1-7E8AF8FB50C7}.Release|x64.Build.0 = Release|Any CPU
		{68461414-2CC3-4742-87E1-7E8AF8FB50C7}.Release|x86.ActiveCfg = Release|Any CPU
		{68461414-2CC3-4742-87E1-7E8AF8FB50C7}.Release|x86.Build.0 = Release|Any CPU
		{27DA00AB-B5FE-452F-8F72-5B12ACDE9A88}.Debug|Any CPU.ActiveCfg = Debug|Any CPU
		{27DA00AB-B5FE-452F-8F72-5B12ACDE9A88}.Debug|Any CPU.Build.0 = Debug|Any CPU
		{27DA00AB-B5FE-452F-8F72-5B12ACDE9A88}.Debug|x64.ActiveCfg = Debug|Any CPU
		{27DA00AB-B5FE-452F-8F72-5B12ACDE9A88}.Debug|x64.Build.0 = Debug|Any CPU
		{27DA00AB-B5FE-452F-8F72-5B12ACDE9A88}.Debug|x86.ActiveCfg = Debug|Any CPU
		{27DA00AB-B5FE-452F-8F72-5B12ACDE9A88}.Debug|x86.Build.0 = Debug|Any CPU
		{27DA00AB-B5FE-452F-8F72-5B12ACDE9A88}.Release|Any CPU.ActiveCfg = Release|Any CPU
		{27DA00AB-B5FE-452F-8F72-5B12ACDE9A88}.Release|Any CPU.Build.0 = Release|Any CPU
		{27DA00AB-B5FE-452F-8F72-5B12ACDE9A88}.Release|x64.ActiveCfg = Release|Any CPU
		{27DA00AB-B5FE-452F-8F72-5B12ACDE9A88}.Release|x64.Build.0 = Release|Any CPU
		{27DA00AB-B5FE-452F-8F72-5B12ACDE9A88}.Release|x86.ActiveCfg = Release|Any CPU
		{27DA00AB-B5FE-452F-8F72-5B12ACDE9A88}.Release|x86.Build.0 = Release|Any CPU
		{7A5EE67C-5D51-45EF-8067-8FEC0E49EFEA}.Debug|Any CPU.ActiveCfg = Debug|Any CPU
		{7A5EE67C-5D51-45EF-8067-8FEC0E49EFEA}.Debug|Any CPU.Build.0 = Debug|Any CPU
		{7A5EE67C-5D51-45EF-8067-8FEC0E49EFEA}.Debug|x64.ActiveCfg = Debug|Any CPU
		{7A5EE67C-5D51-45EF-8067-8FEC0E49EFEA}.Debug|x64.Build.0 = Debug|Any CPU
		{7A5EE67C-5D51-45EF-8067-8FEC0E49EFEA}.Debug|x86.ActiveCfg = Debug|Any CPU
		{7A5EE67C-5D51-45EF-8067-8FEC0E49EFEA}.Debug|x86.Build.0 = Debug|Any CPU
		{7A5EE67C-5D51-45EF-8067-8FEC0E49EFEA}.Release|Any CPU.ActiveCfg = Release|Any CPU
		{7A5EE67C-5D51-45EF-8067-8FEC0E49EFEA}.Release|Any CPU.Build.0 = Release|Any CPU
		{7A5EE67C-5D51-45EF-8067-8FEC0E49EFEA}.Release|x64.ActiveCfg = Release|Any CPU
		{7A5EE67C-5D51-45EF-8067-8FEC0E49EFEA}.Release|x64.Build.0 = Release|Any CPU
		{7A5EE67C-5D51-45EF-8067-8FEC0E49EFEA}.Release|x86.ActiveCfg = Release|Any CPU
		{7A5EE67C-5D51-45EF-8067-8FEC0E49EFEA}.Release|x86.Build.0 = Release|Any CPU
		{B5679974-CE31-4A72-B185-E43DABA7C103}.Debug|Any CPU.ActiveCfg = Debug|Any CPU
		{B5679974-CE31-4A72-B185-E43DABA7C103}.Debug|Any CPU.Build.0 = Debug|Any CPU
		{B5679974-CE31-4A72-B185-E43DABA7C103}.Debug|x64.ActiveCfg = Debug|Any CPU
		{B5679974-CE31-4A72-B185-E43DABA7C103}.Debug|x64.Build.0 = Debug|Any CPU
		{B5679974-CE31-4A72-B185-E43DABA7C103}.Debug|x86.ActiveCfg = Debug|Any CPU
		{B5679974-CE31-4A72-B185-E43DABA7C103}.Debug|x86.Build.0 = Debug|Any CPU
		{B5679974-CE31-4A72-B185-E43DABA7C103}.Release|Any CPU.ActiveCfg = Release|Any CPU
		{B5679974-CE31-4A72-B185-E43DABA7C103}.Release|Any CPU.Build.0 = Release|Any CPU
		{B5679974-CE31-4A72-B185-E43DABA7C103}.Release|x64.ActiveCfg = Release|Any CPU
		{B5679974-CE31-4A72-B185-E43DABA7C103}.Release|x64.Build.0 = Release|Any CPU
		{B5679974-CE31-4A72-B185-E43DABA7C103}.Release|x86.ActiveCfg = Release|Any CPU
		{B5679974-CE31-4A72-B185-E43DABA7C103}.Release|x86.Build.0 = Release|Any CPU
		{C3B10A90-8FC8-4CA5-AB77-18A4B1692AEE}.Debug|Any CPU.ActiveCfg = Debug|Any CPU
		{C3B10A90-8FC8-4CA5-AB77-18A4B1692AEE}.Debug|Any CPU.Build.0 = Debug|Any CPU
		{C3B10A90-8FC8-4CA5-AB77-18A4B1692AEE}.Debug|x64.ActiveCfg = Debug|Any CPU
		{C3B10A90-8FC8-4CA5-AB77-18A4B1692AEE}.Debug|x64.Build.0 = Debug|Any CPU
		{C3B10A90-8FC8-4CA5-AB77-18A4B1692AEE}.Debug|x86.ActiveCfg = Debug|Any CPU
		{C3B10A90-8FC8-4CA5-AB77-18A4B1692AEE}.Debug|x86.Build.0 = Debug|Any CPU
		{C3B10A90-8FC8-4CA5-AB77-18A4B1692AEE}.Release|Any CPU.ActiveCfg = Release|Any CPU
		{C3B10A90-8FC8-4CA5-AB77-18A4B1692AEE}.Release|Any CPU.Build.0 = Release|Any CPU
		{C3B10A90-8FC8-4CA5-AB77-18A4B1692AEE}.Release|x64.ActiveCfg = Release|Any CPU
		{C3B10A90-8FC8-4CA5-AB77-18A4B1692AEE}.Release|x64.Build.0 = Release|Any CPU
		{C3B10A90-8FC8-4CA5-AB77-18A4B1692AEE}.Release|x86.ActiveCfg = Release|Any CPU
		{C3B10A90-8FC8-4CA5-AB77-18A4B1692AEE}.Release|x86.Build.0 = Release|Any CPU
		{BEFA0AC7-9EA2-4AC4-A884-00DF04967175}.Debug|Any CPU.ActiveCfg = Debug|Any CPU
		{BEFA0AC7-9EA2-4AC4-A884-00DF04967175}.Debug|Any CPU.Build.0 = Debug|Any CPU
		{BEFA0AC7-9EA2-4AC4-A884-00DF04967175}.Debug|x64.ActiveCfg = Debug|Any CPU
		{BEFA0AC7-9EA2-4AC4-A884-00DF04967175}.Debug|x64.Build.0 = Debug|Any CPU
		{BEFA0AC7-9EA2-4AC4-A884-00DF04967175}.Debug|x86.ActiveCfg = Debug|Any CPU
		{BEFA0AC7-9EA2-4AC4-A884-00DF04967175}.Debug|x86.Build.0 = Debug|Any CPU
		{BEFA0AC7-9EA2-4AC4-A884-00DF04967175}.Release|Any CPU.ActiveCfg = Release|Any CPU
		{BEFA0AC7-9EA2-4AC4-A884-00DF04967175}.Release|Any CPU.Build.0 = Release|Any CPU
		{BEFA0AC7-9EA2-4AC4-A884-00DF04967175}.Release|x64.ActiveCfg = Release|Any CPU
		{BEFA0AC7-9EA2-4AC4-A884-00DF04967175}.Release|x64.Build.0 = Release|Any CPU
		{BEFA0AC7-9EA2-4AC4-A884-00DF04967175}.Release|x86.ActiveCfg = Release|Any CPU
		{BEFA0AC7-9EA2-4AC4-A884-00DF04967175}.Release|x86.Build.0 = Release|Any CPU
		{9AC7801D-2FEE-4A17-A0D3-50DE38AE24CD}.Debug|Any CPU.ActiveCfg = Debug|Any CPU
		{9AC7801D-2FEE-4A17-A0D3-50DE38AE24CD}.Debug|Any CPU.Build.0 = Debug|Any CPU
		{9AC7801D-2FEE-4A17-A0D3-50DE38AE24CD}.Debug|x64.ActiveCfg = Debug|Any CPU
		{9AC7801D-2FEE-4A17-A0D3-50DE38AE24CD}.Debug|x64.Build.0 = Debug|Any CPU
		{9AC7801D-2FEE-4A17-A0D3-50DE38AE24CD}.Debug|x86.ActiveCfg = Debug|Any CPU
		{9AC7801D-2FEE-4A17-A0D3-50DE38AE24CD}.Debug|x86.Build.0 = Debug|Any CPU
		{9AC7801D-2FEE-4A17-A0D3-50DE38AE24CD}.Release|Any CPU.ActiveCfg = Release|Any CPU
		{9AC7801D-2FEE-4A17-A0D3-50DE38AE24CD}.Release|Any CPU.Build.0 = Release|Any CPU
		{9AC7801D-2FEE-4A17-A0D3-50DE38AE24CD}.Release|x64.ActiveCfg = Release|Any CPU
		{9AC7801D-2FEE-4A17-A0D3-50DE38AE24CD}.Release|x64.Build.0 = Release|Any CPU
		{9AC7801D-2FEE-4A17-A0D3-50DE38AE24CD}.Release|x86.ActiveCfg = Release|Any CPU
		{9AC7801D-2FEE-4A17-A0D3-50DE38AE24CD}.Release|x86.Build.0 = Release|Any CPU
		{2446DA67-32B2-43F9-A394-2F59487E11BB}.Debug|Any CPU.ActiveCfg = Debug|Any CPU
		{2446DA67-32B2-43F9-A394-2F59487E11BB}.Debug|Any CPU.Build.0 = Debug|Any CPU
		{2446DA67-32B2-43F9-A394-2F59487E11BB}.Debug|x64.ActiveCfg = Debug|Any CPU
		{2446DA67-32B2-43F9-A394-2F59487E11BB}.Debug|x64.Build.0 = Debug|Any CPU
		{2446DA67-32B2-43F9-A394-2F59487E11BB}.Debug|x86.ActiveCfg = Debug|Any CPU
		{2446DA67-32B2-43F9-A394-2F59487E11BB}.Debug|x86.Build.0 = Debug|Any CPU
		{2446DA67-32B2-43F9-A394-2F59487E11BB}.Release|Any CPU.ActiveCfg = Release|Any CPU
		{2446DA67-32B2-43F9-A394-2F59487E11BB}.Release|Any CPU.Build.0 = Release|Any CPU
		{2446DA67-32B2-43F9-A394-2F59487E11BB}.Release|x64.ActiveCfg = Release|Any CPU
		{2446DA67-32B2-43F9-A394-2F59487E11BB}.Release|x64.Build.0 = Release|Any CPU
		{2446DA67-32B2-43F9-A394-2F59487E11BB}.Release|x86.ActiveCfg = Release|Any CPU
		{2446DA67-32B2-43F9-A394-2F59487E11BB}.Release|x86.Build.0 = Release|Any CPU
		{98C91029-5D5F-4CAE-877D-36993FD9EE7F}.Debug|Any CPU.ActiveCfg = Debug|Any CPU
		{98C91029-5D5F-4CAE-877D-36993FD9EE7F}.Debug|Any CPU.Build.0 = Debug|Any CPU
		{98C91029-5D5F-4CAE-877D-36993FD9EE7F}.Debug|x64.ActiveCfg = Debug|Any CPU
		{98C91029-5D5F-4CAE-877D-36993FD9EE7F}.Debug|x64.Build.0 = Debug|Any CPU
		{98C91029-5D5F-4CAE-877D-36993FD9EE7F}.Debug|x86.ActiveCfg = Debug|Any CPU
		{98C91029-5D5F-4CAE-877D-36993FD9EE7F}.Debug|x86.Build.0 = Debug|Any CPU
		{98C91029-5D5F-4CAE-877D-36993FD9EE7F}.Release|Any CPU.ActiveCfg = Release|Any CPU
		{98C91029-5D5F-4CAE-877D-36993FD9EE7F}.Release|Any CPU.Build.0 = Release|Any CPU
		{98C91029-5D5F-4CAE-877D-36993FD9EE7F}.Release|x64.ActiveCfg = Release|Any CPU
		{98C91029-5D5F-4CAE-877D-36993FD9EE7F}.Release|x64.Build.0 = Release|Any CPU
		{98C91029-5D5F-4CAE-877D-36993FD9EE7F}.Release|x86.ActiveCfg = Release|Any CPU
		{98C91029-5D5F-4CAE-877D-36993FD9EE7F}.Release|x86.Build.0 = Release|Any CPU
		{4859F425-5B4C-4EEE-9121-705AE278B534}.Debug|Any CPU.ActiveCfg = Debug|Any CPU
		{4859F425-5B4C-4EEE-9121-705AE278B534}.Debug|Any CPU.Build.0 = Debug|Any CPU
		{4859F425-5B4C-4EEE-9121-705AE278B534}.Debug|x64.ActiveCfg = Debug|Any CPU
		{4859F425-5B4C-4EEE-9121-705AE278B534}.Debug|x64.Build.0 = Debug|Any CPU
		{4859F425-5B4C-4EEE-9121-705AE278B534}.Debug|x86.ActiveCfg = Debug|Any CPU
		{4859F425-5B4C-4EEE-9121-705AE278B534}.Debug|x86.Build.0 = Debug|Any CPU
		{4859F425-5B4C-4EEE-9121-705AE278B534}.Release|Any CPU.ActiveCfg = Release|Any CPU
		{4859F425-5B4C-4EEE-9121-705AE278B534}.Release|Any CPU.Build.0 = Release|Any CPU
		{4859F425-5B4C-4EEE-9121-705AE278B534}.Release|x64.ActiveCfg = Release|Any CPU
		{4859F425-5B4C-4EEE-9121-705AE278B534}.Release|x64.Build.0 = Release|Any CPU
		{4859F425-5B4C-4EEE-9121-705AE278B534}.Release|x86.ActiveCfg = Release|Any CPU
		{4859F425-5B4C-4EEE-9121-705AE278B534}.Release|x86.Build.0 = Release|Any CPU
		{BEDB3E1C-DD3F-49BA-9BA3-B8FD433CEBF9}.Debug|Any CPU.ActiveCfg = Debug|Any CPU
		{BEDB3E1C-DD3F-49BA-9BA3-B8FD433CEBF9}.Debug|Any CPU.Build.0 = Debug|Any CPU
		{BEDB3E1C-DD3F-49BA-9BA3-B8FD433CEBF9}.Debug|x64.ActiveCfg = Debug|Any CPU
		{BEDB3E1C-DD3F-49BA-9BA3-B8FD433CEBF9}.Debug|x64.Build.0 = Debug|Any CPU
		{BEDB3E1C-DD3F-49BA-9BA3-B8FD433CEBF9}.Debug|x86.ActiveCfg = Debug|Any CPU
		{BEDB3E1C-DD3F-49BA-9BA3-B8FD433CEBF9}.Debug|x86.Build.0 = Debug|Any CPU
		{BEDB3E1C-DD3F-49BA-9BA3-B8FD433CEBF9}.Release|Any CPU.ActiveCfg = Release|Any CPU
		{BEDB3E1C-DD3F-49BA-9BA3-B8FD433CEBF9}.Release|Any CPU.Build.0 = Release|Any CPU
		{BEDB3E1C-DD3F-49BA-9BA3-B8FD433CEBF9}.Release|x64.ActiveCfg = Release|Any CPU
		{BEDB3E1C-DD3F-49BA-9BA3-B8FD433CEBF9}.Release|x64.Build.0 = Release|Any CPU
		{BEDB3E1C-DD3F-49BA-9BA3-B8FD433CEBF9}.Release|x86.ActiveCfg = Release|Any CPU
		{BEDB3E1C-DD3F-49BA-9BA3-B8FD433CEBF9}.Release|x86.Build.0 = Release|Any CPU
		{C9250558-0F94-438A-B9CB-687801B1A717}.Debug|Any CPU.ActiveCfg = Debug|Any CPU
		{C9250558-0F94-438A-B9CB-687801B1A717}.Debug|Any CPU.Build.0 = Debug|Any CPU
		{C9250558-0F94-438A-B9CB-687801B1A717}.Debug|x64.ActiveCfg = Debug|Any CPU
		{C9250558-0F94-438A-B9CB-687801B1A717}.Debug|x64.Build.0 = Debug|Any CPU
		{C9250558-0F94-438A-B9CB-687801B1A717}.Debug|x86.ActiveCfg = Debug|Any CPU
		{C9250558-0F94-438A-B9CB-687801B1A717}.Debug|x86.Build.0 = Debug|Any CPU
		{C9250558-0F94-438A-B9CB-687801B1A717}.Release|Any CPU.ActiveCfg = Release|Any CPU
		{C9250558-0F94-438A-B9CB-687801B1A717}.Release|Any CPU.Build.0 = Release|Any CPU
		{C9250558-0F94-438A-B9CB-687801B1A717}.Release|x64.ActiveCfg = Release|Any CPU
		{C9250558-0F94-438A-B9CB-687801B1A717}.Release|x64.Build.0 = Release|Any CPU
		{C9250558-0F94-438A-B9CB-687801B1A717}.Release|x86.ActiveCfg = Release|Any CPU
		{C9250558-0F94-438A-B9CB-687801B1A717}.Release|x86.Build.0 = Release|Any CPU
		{DFE94B56-C0E1-439D-958B-E3897485B692}.Debug|Any CPU.ActiveCfg = Debug|Any CPU
		{DFE94B56-C0E1-439D-958B-E3897485B692}.Debug|Any CPU.Build.0 = Debug|Any CPU
		{DFE94B56-C0E1-439D-958B-E3897485B692}.Debug|x64.ActiveCfg = Debug|Any CPU
		{DFE94B56-C0E1-439D-958B-E3897485B692}.Debug|x64.Build.0 = Debug|Any CPU
		{DFE94B56-C0E1-439D-958B-E3897485B692}.Debug|x86.ActiveCfg = Debug|Any CPU
		{DFE94B56-C0E1-439D-958B-E3897485B692}.Debug|x86.Build.0 = Debug|Any CPU
		{DFE94B56-C0E1-439D-958B-E3897485B692}.Release|Any CPU.ActiveCfg = Release|Any CPU
		{DFE94B56-C0E1-439D-958B-E3897485B692}.Release|Any CPU.Build.0 = Release|Any CPU
		{DFE94B56-C0E1-439D-958B-E3897485B692}.Release|x64.ActiveCfg = Release|Any CPU
		{DFE94B56-C0E1-439D-958B-E3897485B692}.Release|x64.Build.0 = Release|Any CPU
		{DFE94B56-C0E1-439D-958B-E3897485B692}.Release|x86.ActiveCfg = Release|Any CPU
		{DFE94B56-C0E1-439D-958B-E3897485B692}.Release|x86.Build.0 = Release|Any CPU
		{CD7AD73C-23EE-44A4-9C63-8E9993E2249C}.Debug|Any CPU.ActiveCfg = Debug|Any CPU
		{CD7AD73C-23EE-44A4-9C63-8E9993E2249C}.Debug|Any CPU.Build.0 = Debug|Any CPU
		{CD7AD73C-23EE-44A4-9C63-8E9993E2249C}.Debug|x64.ActiveCfg = Debug|Any CPU
		{CD7AD73C-23EE-44A4-9C63-8E9993E2249C}.Debug|x64.Build.0 = Debug|Any CPU
		{CD7AD73C-23EE-44A4-9C63-8E9993E2249C}.Debug|x86.ActiveCfg = Debug|Any CPU
		{CD7AD73C-23EE-44A4-9C63-8E9993E2249C}.Debug|x86.Build.0 = Debug|Any CPU
		{CD7AD73C-23EE-44A4-9C63-8E9993E2249C}.Release|Any CPU.ActiveCfg = Release|Any CPU
		{CD7AD73C-23EE-44A4-9C63-8E9993E2249C}.Release|Any CPU.Build.0 = Release|Any CPU
		{CD7AD73C-23EE-44A4-9C63-8E9993E2249C}.Release|x64.ActiveCfg = Release|Any CPU
		{CD7AD73C-23EE-44A4-9C63-8E9993E2249C}.Release|x64.Build.0 = Release|Any CPU
		{CD7AD73C-23EE-44A4-9C63-8E9993E2249C}.Release|x86.ActiveCfg = Release|Any CPU
		{CD7AD73C-23EE-44A4-9C63-8E9993E2249C}.Release|x86.Build.0 = Release|Any CPU
		{8F1CFFF2-4D69-4904-9098-F05E41BFC49C}.Debug|Any CPU.ActiveCfg = Debug|Any CPU
		{8F1CFFF2-4D69-4904-9098-F05E41BFC49C}.Debug|Any CPU.Build.0 = Debug|Any CPU
		{8F1CFFF2-4D69-4904-9098-F05E41BFC49C}.Debug|x64.ActiveCfg = Debug|Any CPU
		{8F1CFFF2-4D69-4904-9098-F05E41BFC49C}.Debug|x64.Build.0 = Debug|Any CPU
		{8F1CFFF2-4D69-4904-9098-F05E41BFC49C}.Debug|x86.ActiveCfg = Debug|Any CPU
		{8F1CFFF2-4D69-4904-9098-F05E41BFC49C}.Debug|x86.Build.0 = Debug|Any CPU
		{8F1CFFF2-4D69-4904-9098-F05E41BFC49C}.Release|Any CPU.ActiveCfg = Release|Any CPU
		{8F1CFFF2-4D69-4904-9098-F05E41BFC49C}.Release|Any CPU.Build.0 = Release|Any CPU
		{8F1CFFF2-4D69-4904-9098-F05E41BFC49C}.Release|x64.ActiveCfg = Release|Any CPU
		{8F1CFFF2-4D69-4904-9098-F05E41BFC49C}.Release|x64.Build.0 = Release|Any CPU
		{8F1CFFF2-4D69-4904-9098-F05E41BFC49C}.Release|x86.ActiveCfg = Release|Any CPU
		{8F1CFFF2-4D69-4904-9098-F05E41BFC49C}.Release|x86.Build.0 = Release|Any CPU
		{7427B37C-B1BC-485B-A626-B0B336A78543}.Debug|Any CPU.ActiveCfg = Debug|Any CPU
		{7427B37C-B1BC-485B-A626-B0B336A78543}.Debug|Any CPU.Build.0 = Debug|Any CPU
		{7427B37C-B1BC-485B-A626-B0B336A78543}.Debug|x64.ActiveCfg = Debug|Any CPU
		{7427B37C-B1BC-485B-A626-B0B336A78543}.Debug|x64.Build.0 = Debug|Any CPU
		{7427B37C-B1BC-485B-A626-B0B336A78543}.Debug|x86.ActiveCfg = Debug|Any CPU
		{7427B37C-B1BC-485B-A626-B0B336A78543}.Debug|x86.Build.0 = Debug|Any CPU
		{7427B37C-B1BC-485B-A626-B0B336A78543}.Release|Any CPU.ActiveCfg = Release|Any CPU
		{7427B37C-B1BC-485B-A626-B0B336A78543}.Release|Any CPU.Build.0 = Release|Any CPU
		{7427B37C-B1BC-485B-A626-B0B336A78543}.Release|x64.ActiveCfg = Release|Any CPU
		{7427B37C-B1BC-485B-A626-B0B336A78543}.Release|x64.Build.0 = Release|Any CPU
		{7427B37C-B1BC-485B-A626-B0B336A78543}.Release|x86.ActiveCfg = Release|Any CPU
		{7427B37C-B1BC-485B-A626-B0B336A78543}.Release|x86.Build.0 = Release|Any CPU
		{CC45BF72-989C-42E5-971B-D19AD471453F}.Debug|Any CPU.ActiveCfg = Debug|Any CPU
		{CC45BF72-989C-42E5-971B-D19AD471453F}.Debug|Any CPU.Build.0 = Debug|Any CPU
		{CC45BF72-989C-42E5-971B-D19AD471453F}.Debug|x64.ActiveCfg = Debug|Any CPU
		{CC45BF72-989C-42E5-971B-D19AD471453F}.Debug|x64.Build.0 = Debug|Any CPU
		{CC45BF72-989C-42E5-971B-D19AD471453F}.Debug|x86.ActiveCfg = Debug|Any CPU
		{CC45BF72-989C-42E5-971B-D19AD471453F}.Debug|x86.Build.0 = Debug|Any CPU
		{CC45BF72-989C-42E5-971B-D19AD471453F}.Release|Any CPU.ActiveCfg = Release|Any CPU
		{CC45BF72-989C-42E5-971B-D19AD471453F}.Release|Any CPU.Build.0 = Release|Any CPU
		{CC45BF72-989C-42E5-971B-D19AD471453F}.Release|x64.ActiveCfg = Release|Any CPU
		{CC45BF72-989C-42E5-971B-D19AD471453F}.Release|x64.Build.0 = Release|Any CPU
		{CC45BF72-989C-42E5-971B-D19AD471453F}.Release|x86.ActiveCfg = Release|Any CPU
		{CC45BF72-989C-42E5-971B-D19AD471453F}.Release|x86.Build.0 = Release|Any CPU
		{E72F7736-F615-4235-83F8-C43EC6CA03C7}.Debug|Any CPU.ActiveCfg = Debug|Any CPU
		{E72F7736-F615-4235-83F8-C43EC6CA03C7}.Debug|Any CPU.Build.0 = Debug|Any CPU
		{E72F7736-F615-4235-83F8-C43EC6CA03C7}.Debug|x64.ActiveCfg = Debug|Any CPU
		{E72F7736-F615-4235-83F8-C43EC6CA03C7}.Debug|x64.Build.0 = Debug|Any CPU
		{E72F7736-F615-4235-83F8-C43EC6CA03C7}.Debug|x86.ActiveCfg = Debug|Any CPU
		{E72F7736-F615-4235-83F8-C43EC6CA03C7}.Debug|x86.Build.0 = Debug|Any CPU
		{E72F7736-F615-4235-83F8-C43EC6CA03C7}.Release|Any CPU.ActiveCfg = Release|Any CPU
		{E72F7736-F615-4235-83F8-C43EC6CA03C7}.Release|Any CPU.Build.0 = Release|Any CPU
		{E72F7736-F615-4235-83F8-C43EC6CA03C7}.Release|x64.ActiveCfg = Release|Any CPU
		{E72F7736-F615-4235-83F8-C43EC6CA03C7}.Release|x64.Build.0 = Release|Any CPU
		{E72F7736-F615-4235-83F8-C43EC6CA03C7}.Release|x86.ActiveCfg = Release|Any CPU
		{E72F7736-F615-4235-83F8-C43EC6CA03C7}.Release|x86.Build.0 = Release|Any CPU
		{C1817519-0996-469C-9E00-63D2ADA15242}.Debug|Any CPU.ActiveCfg = Debug|Any CPU
		{C1817519-0996-469C-9E00-63D2ADA15242}.Debug|Any CPU.Build.0 = Debug|Any CPU
		{C1817519-0996-469C-9E00-63D2ADA15242}.Debug|x64.ActiveCfg = Debug|Any CPU
		{C1817519-0996-469C-9E00-63D2ADA15242}.Debug|x64.Build.0 = Debug|Any CPU
		{C1817519-0996-469C-9E00-63D2ADA15242}.Debug|x86.ActiveCfg = Debug|Any CPU
		{C1817519-0996-469C-9E00-63D2ADA15242}.Debug|x86.Build.0 = Debug|Any CPU
		{C1817519-0996-469C-9E00-63D2ADA15242}.Release|Any CPU.ActiveCfg = Release|Any CPU
		{C1817519-0996-469C-9E00-63D2ADA15242}.Release|Any CPU.Build.0 = Release|Any CPU
		{C1817519-0996-469C-9E00-63D2ADA15242}.Release|x64.ActiveCfg = Release|Any CPU
		{C1817519-0996-469C-9E00-63D2ADA15242}.Release|x64.Build.0 = Release|Any CPU
		{C1817519-0996-469C-9E00-63D2ADA15242}.Release|x86.ActiveCfg = Release|Any CPU
		{C1817519-0996-469C-9E00-63D2ADA15242}.Release|x86.Build.0 = Release|Any CPU
		{5CB3149B-1805-428A-8B99-1A88C6268AE6}.Debug|Any CPU.ActiveCfg = Debug|Any CPU
		{5CB3149B-1805-428A-8B99-1A88C6268AE6}.Debug|Any CPU.Build.0 = Debug|Any CPU
		{5CB3149B-1805-428A-8B99-1A88C6268AE6}.Debug|x64.ActiveCfg = Debug|Any CPU
		{5CB3149B-1805-428A-8B99-1A88C6268AE6}.Debug|x64.Build.0 = Debug|Any CPU
		{5CB3149B-1805-428A-8B99-1A88C6268AE6}.Debug|x86.ActiveCfg = Debug|Any CPU
		{5CB3149B-1805-428A-8B99-1A88C6268AE6}.Debug|x86.Build.0 = Debug|Any CPU
		{5CB3149B-1805-428A-8B99-1A88C6268AE6}.Release|Any CPU.ActiveCfg = Release|Any CPU
		{5CB3149B-1805-428A-8B99-1A88C6268AE6}.Release|Any CPU.Build.0 = Release|Any CPU
		{5CB3149B-1805-428A-8B99-1A88C6268AE6}.Release|x64.ActiveCfg = Release|Any CPU
		{5CB3149B-1805-428A-8B99-1A88C6268AE6}.Release|x64.Build.0 = Release|Any CPU
		{5CB3149B-1805-428A-8B99-1A88C6268AE6}.Release|x86.ActiveCfg = Release|Any CPU
		{5CB3149B-1805-428A-8B99-1A88C6268AE6}.Release|x86.Build.0 = Release|Any CPU
		{421F64C7-609A-4F87-98C0-F50E6395B00B}.Debug|Any CPU.ActiveCfg = Debug|Any CPU
		{421F64C7-609A-4F87-98C0-F50E6395B00B}.Debug|Any CPU.Build.0 = Debug|Any CPU
		{421F64C7-609A-4F87-98C0-F50E6395B00B}.Debug|x64.ActiveCfg = Debug|Any CPU
		{421F64C7-609A-4F87-98C0-F50E6395B00B}.Debug|x64.Build.0 = Debug|Any CPU
		{421F64C7-609A-4F87-98C0-F50E6395B00B}.Debug|x86.ActiveCfg = Debug|Any CPU
		{421F64C7-609A-4F87-98C0-F50E6395B00B}.Debug|x86.Build.0 = Debug|Any CPU
		{421F64C7-609A-4F87-98C0-F50E6395B00B}.Release|Any CPU.ActiveCfg = Release|Any CPU
		{421F64C7-609A-4F87-98C0-F50E6395B00B}.Release|Any CPU.Build.0 = Release|Any CPU
		{421F64C7-609A-4F87-98C0-F50E6395B00B}.Release|x64.ActiveCfg = Release|Any CPU
		{421F64C7-609A-4F87-98C0-F50E6395B00B}.Release|x64.Build.0 = Release|Any CPU
		{421F64C7-609A-4F87-98C0-F50E6395B00B}.Release|x86.ActiveCfg = Release|Any CPU
		{421F64C7-609A-4F87-98C0-F50E6395B00B}.Release|x86.Build.0 = Release|Any CPU
		{AE3C6172-FDEE-468C-AA74-6E17AE24E887}.Debug|Any CPU.ActiveCfg = Debug|Any CPU
		{AE3C6172-FDEE-468C-AA74-6E17AE24E887}.Debug|Any CPU.Build.0 = Debug|Any CPU
		{AE3C6172-FDEE-468C-AA74-6E17AE24E887}.Debug|x64.ActiveCfg = Debug|Any CPU
		{AE3C6172-FDEE-468C-AA74-6E17AE24E887}.Debug|x64.Build.0 = Debug|Any CPU
		{AE3C6172-FDEE-468C-AA74-6E17AE24E887}.Debug|x86.ActiveCfg = Debug|Any CPU
		{AE3C6172-FDEE-468C-AA74-6E17AE24E887}.Debug|x86.Build.0 = Debug|Any CPU
		{AE3C6172-FDEE-468C-AA74-6E17AE24E887}.Release|Any CPU.ActiveCfg = Release|Any CPU
		{AE3C6172-FDEE-468C-AA74-6E17AE24E887}.Release|Any CPU.Build.0 = Release|Any CPU
		{AE3C6172-FDEE-468C-AA74-6E17AE24E887}.Release|x64.ActiveCfg = Release|Any CPU
		{AE3C6172-FDEE-468C-AA74-6E17AE24E887}.Release|x64.Build.0 = Release|Any CPU
		{AE3C6172-FDEE-468C-AA74-6E17AE24E887}.Release|x86.ActiveCfg = Release|Any CPU
		{AE3C6172-FDEE-468C-AA74-6E17AE24E887}.Release|x86.Build.0 = Release|Any CPU
		{D89BD0F3-377A-476C-8ED1-DFB6022FFF8B}.Debug|Any CPU.ActiveCfg = Debug|Any CPU
		{D89BD0F3-377A-476C-8ED1-DFB6022FFF8B}.Debug|Any CPU.Build.0 = Debug|Any CPU
		{D89BD0F3-377A-476C-8ED1-DFB6022FFF8B}.Debug|x64.ActiveCfg = Debug|Any CPU
		{D89BD0F3-377A-476C-8ED1-DFB6022FFF8B}.Debug|x64.Build.0 = Debug|Any CPU
		{D89BD0F3-377A-476C-8ED1-DFB6022FFF8B}.Debug|x86.ActiveCfg = Debug|Any CPU
		{D89BD0F3-377A-476C-8ED1-DFB6022FFF8B}.Debug|x86.Build.0 = Debug|Any CPU
		{D89BD0F3-377A-476C-8ED1-DFB6022FFF8B}.Release|Any CPU.ActiveCfg = Release|Any CPU
		{D89BD0F3-377A-476C-8ED1-DFB6022FFF8B}.Release|Any CPU.Build.0 = Release|Any CPU
		{D89BD0F3-377A-476C-8ED1-DFB6022FFF8B}.Release|x64.ActiveCfg = Release|Any CPU
		{D89BD0F3-377A-476C-8ED1-DFB6022FFF8B}.Release|x64.Build.0 = Release|Any CPU
		{D89BD0F3-377A-476C-8ED1-DFB6022FFF8B}.Release|x86.ActiveCfg = Release|Any CPU
		{D89BD0F3-377A-476C-8ED1-DFB6022FFF8B}.Release|x86.Build.0 = Release|Any CPU
		{E3E2B1B4-1B96-41EB-876A-688162E5F5D2}.Debug|Any CPU.ActiveCfg = Debug|Any CPU
		{E3E2B1B4-1B96-41EB-876A-688162E5F5D2}.Debug|Any CPU.Build.0 = Debug|Any CPU
		{E3E2B1B4-1B96-41EB-876A-688162E5F5D2}.Debug|x64.ActiveCfg = Debug|Any CPU
		{E3E2B1B4-1B96-41EB-876A-688162E5F5D2}.Debug|x64.Build.0 = Debug|Any CPU
		{E3E2B1B4-1B96-41EB-876A-688162E5F5D2}.Debug|x86.ActiveCfg = Debug|Any CPU
		{E3E2B1B4-1B96-41EB-876A-688162E5F5D2}.Debug|x86.Build.0 = Debug|Any CPU
		{E3E2B1B4-1B96-41EB-876A-688162E5F5D2}.Release|Any CPU.ActiveCfg = Release|Any CPU
		{E3E2B1B4-1B96-41EB-876A-688162E5F5D2}.Release|Any CPU.Build.0 = Release|Any CPU
		{E3E2B1B4-1B96-41EB-876A-688162E5F5D2}.Release|x64.ActiveCfg = Release|Any CPU
		{E3E2B1B4-1B96-41EB-876A-688162E5F5D2}.Release|x64.Build.0 = Release|Any CPU
		{E3E2B1B4-1B96-41EB-876A-688162E5F5D2}.Release|x86.ActiveCfg = Release|Any CPU
		{E3E2B1B4-1B96-41EB-876A-688162E5F5D2}.Release|x86.Build.0 = Release|Any CPU
		{A682A259-48FC-4659-907F-33D2D747F612}.Debug|Any CPU.ActiveCfg = Debug|Any CPU
		{A682A259-48FC-4659-907F-33D2D747F612}.Debug|Any CPU.Build.0 = Debug|Any CPU
		{A682A259-48FC-4659-907F-33D2D747F612}.Debug|x64.ActiveCfg = Debug|Any CPU
		{A682A259-48FC-4659-907F-33D2D747F612}.Debug|x64.Build.0 = Debug|Any CPU
		{A682A259-48FC-4659-907F-33D2D747F612}.Debug|x86.ActiveCfg = Debug|Any CPU
		{A682A259-48FC-4659-907F-33D2D747F612}.Debug|x86.Build.0 = Debug|Any CPU
		{A682A259-48FC-4659-907F-33D2D747F612}.Release|Any CPU.ActiveCfg = Release|Any CPU
		{A682A259-48FC-4659-907F-33D2D747F612}.Release|Any CPU.Build.0 = Release|Any CPU
		{A682A259-48FC-4659-907F-33D2D747F612}.Release|x64.ActiveCfg = Release|Any CPU
		{A682A259-48FC-4659-907F-33D2D747F612}.Release|x64.Build.0 = Release|Any CPU
		{A682A259-48FC-4659-907F-33D2D747F612}.Release|x86.ActiveCfg = Release|Any CPU
		{A682A259-48FC-4659-907F-33D2D747F612}.Release|x86.Build.0 = Release|Any CPU
		{08ABF6C9-F9F6-471D-A30D-87994DB9477B}.Debug|Any CPU.ActiveCfg = Debug|Any CPU
		{08ABF6C9-F9F6-471D-A30D-87994DB9477B}.Debug|Any CPU.Build.0 = Debug|Any CPU
		{08ABF6C9-F9F6-471D-A30D-87994DB9477B}.Debug|x64.ActiveCfg = Debug|Any CPU
		{08ABF6C9-F9F6-471D-A30D-87994DB9477B}.Debug|x64.Build.0 = Debug|Any CPU
		{08ABF6C9-F9F6-471D-A30D-87994DB9477B}.Debug|x86.ActiveCfg = Debug|Any CPU
		{08ABF6C9-F9F6-471D-A30D-87994DB9477B}.Debug|x86.Build.0 = Debug|Any CPU
		{08ABF6C9-F9F6-471D-A30D-87994DB9477B}.Release|Any CPU.ActiveCfg = Release|Any CPU
		{08ABF6C9-F9F6-471D-A30D-87994DB9477B}.Release|Any CPU.Build.0 = Release|Any CPU
		{08ABF6C9-F9F6-471D-A30D-87994DB9477B}.Release|x64.ActiveCfg = Release|Any CPU
		{08ABF6C9-F9F6-471D-A30D-87994DB9477B}.Release|x64.Build.0 = Release|Any CPU
		{08ABF6C9-F9F6-471D-A30D-87994DB9477B}.Release|x86.ActiveCfg = Release|Any CPU
		{08ABF6C9-F9F6-471D-A30D-87994DB9477B}.Release|x86.Build.0 = Release|Any CPU
		{86DFD6F2-0D8F-4FE2-B02C-CED914D308A6}.Debug|Any CPU.ActiveCfg = Debug|Any CPU
		{86DFD6F2-0D8F-4FE2-B02C-CED914D308A6}.Debug|Any CPU.Build.0 = Debug|Any CPU
		{86DFD6F2-0D8F-4FE2-B02C-CED914D308A6}.Debug|x64.ActiveCfg = Debug|Any CPU
		{86DFD6F2-0D8F-4FE2-B02C-CED914D308A6}.Debug|x64.Build.0 = Debug|Any CPU
		{86DFD6F2-0D8F-4FE2-B02C-CED914D308A6}.Debug|x86.ActiveCfg = Debug|Any CPU
		{86DFD6F2-0D8F-4FE2-B02C-CED914D308A6}.Debug|x86.Build.0 = Debug|Any CPU
		{86DFD6F2-0D8F-4FE2-B02C-CED914D308A6}.Release|Any CPU.ActiveCfg = Release|Any CPU
		{86DFD6F2-0D8F-4FE2-B02C-CED914D308A6}.Release|Any CPU.Build.0 = Release|Any CPU
		{86DFD6F2-0D8F-4FE2-B02C-CED914D308A6}.Release|x64.ActiveCfg = Release|Any CPU
		{86DFD6F2-0D8F-4FE2-B02C-CED914D308A6}.Release|x64.Build.0 = Release|Any CPU
		{86DFD6F2-0D8F-4FE2-B02C-CED914D308A6}.Release|x86.ActiveCfg = Release|Any CPU
		{86DFD6F2-0D8F-4FE2-B02C-CED914D308A6}.Release|x86.Build.0 = Release|Any CPU
		{094F52D7-2E75-42B9-80E7-A719CD014D5A}.Debug|Any CPU.ActiveCfg = Debug|Any CPU
		{094F52D7-2E75-42B9-80E7-A719CD014D5A}.Debug|Any CPU.Build.0 = Debug|Any CPU
		{094F52D7-2E75-42B9-80E7-A719CD014D5A}.Debug|x64.ActiveCfg = Debug|Any CPU
		{094F52D7-2E75-42B9-80E7-A719CD014D5A}.Debug|x64.Build.0 = Debug|Any CPU
		{094F52D7-2E75-42B9-80E7-A719CD014D5A}.Debug|x86.ActiveCfg = Debug|Any CPU
		{094F52D7-2E75-42B9-80E7-A719CD014D5A}.Debug|x86.Build.0 = Debug|Any CPU
		{094F52D7-2E75-42B9-80E7-A719CD014D5A}.Release|Any CPU.ActiveCfg = Release|Any CPU
		{094F52D7-2E75-42B9-80E7-A719CD014D5A}.Release|Any CPU.Build.0 = Release|Any CPU
		{094F52D7-2E75-42B9-80E7-A719CD014D5A}.Release|x64.ActiveCfg = Release|Any CPU
		{094F52D7-2E75-42B9-80E7-A719CD014D5A}.Release|x64.Build.0 = Release|Any CPU
		{094F52D7-2E75-42B9-80E7-A719CD014D5A}.Release|x86.ActiveCfg = Release|Any CPU
		{094F52D7-2E75-42B9-80E7-A719CD014D5A}.Release|x86.Build.0 = Release|Any CPU
		{1F18E619-65CE-4DF4-9A46-6D3EAFA19F3C}.Debug|Any CPU.ActiveCfg = Debug|Any CPU
		{1F18E619-65CE-4DF4-9A46-6D3EAFA19F3C}.Debug|Any CPU.Build.0 = Debug|Any CPU
		{1F18E619-65CE-4DF4-9A46-6D3EAFA19F3C}.Debug|x64.ActiveCfg = Debug|Any CPU
		{1F18E619-65CE-4DF4-9A46-6D3EAFA19F3C}.Debug|x64.Build.0 = Debug|Any CPU
		{1F18E619-65CE-4DF4-9A46-6D3EAFA19F3C}.Debug|x86.ActiveCfg = Debug|Any CPU
		{1F18E619-65CE-4DF4-9A46-6D3EAFA19F3C}.Debug|x86.Build.0 = Debug|Any CPU
		{1F18E619-65CE-4DF4-9A46-6D3EAFA19F3C}.Release|Any CPU.ActiveCfg = Release|Any CPU
		{1F18E619-65CE-4DF4-9A46-6D3EAFA19F3C}.Release|Any CPU.Build.0 = Release|Any CPU
		{1F18E619-65CE-4DF4-9A46-6D3EAFA19F3C}.Release|x64.ActiveCfg = Release|Any CPU
		{1F18E619-65CE-4DF4-9A46-6D3EAFA19F3C}.Release|x64.Build.0 = Release|Any CPU
		{1F18E619-65CE-4DF4-9A46-6D3EAFA19F3C}.Release|x86.ActiveCfg = Release|Any CPU
		{1F18E619-65CE-4DF4-9A46-6D3EAFA19F3C}.Release|x86.Build.0 = Release|Any CPU
	EndGlobalSection
	GlobalSection(SolutionProperties) = preSolution
		HideSolutionNode = FALSE
	EndGlobalSection
	GlobalSection(NestedProjects) = preSolution
		{DF8B9ABC-0F27-4B13-8AD6-31731BEDABA5} = {1654A2C2-EC73-4096-A25C-47A2C3793F3B}
		{1A922BD3-A0B4-4333-B0FC-BAF4531A5100} = {1654A2C2-EC73-4096-A25C-47A2C3793F3B}
		{9D842864-E04F-4356-B47E-783D1EF647E5} = {1654A2C2-EC73-4096-A25C-47A2C3793F3B}
		{1352F0D4-6F43-415A-923D-8B65FEF073EC} = {1654A2C2-EC73-4096-A25C-47A2C3793F3B}
		{36DADE61-755E-46A5-AC37-152057D5EF2B} = {1654A2C2-EC73-4096-A25C-47A2C3793F3B}
		{21399825-D95E-4E18-BC55-72EE6D523CD7} = {1654A2C2-EC73-4096-A25C-47A2C3793F3B}
		{A58BD0CE-DE50-419E-9E89-25A339911170} = {1654A2C2-EC73-4096-A25C-47A2C3793F3B}
		{0A11E637-DC32-457F-AA8F-AC5CC6058383} = {1654A2C2-EC73-4096-A25C-47A2C3793F3B}
		{CC3F5AA4-66D4-4F7A-9DAF-4E6D2811DB72} = {1654A2C2-EC73-4096-A25C-47A2C3793F3B}
		{0FBD52D5-74EF-443C-8DFA-03C7E48F1B22} = {1654A2C2-EC73-4096-A25C-47A2C3793F3B}
		{E67A8530-6C0A-428B-B3C3-F163DB9CDEBD} = {1654A2C2-EC73-4096-A25C-47A2C3793F3B}
		{7DAFC2D0-DCEF-4A7E-8650-7EB63472F5CA} = {1654A2C2-EC73-4096-A25C-47A2C3793F3B}
		{68461414-2CC3-4742-87E1-7E8AF8FB50C7} = {1654A2C2-EC73-4096-A25C-47A2C3793F3B}
		{27DA00AB-B5FE-452F-8F72-5B12ACDE9A88} = {1654A2C2-EC73-4096-A25C-47A2C3793F3B}
		{7A5EE67C-5D51-45EF-8067-8FEC0E49EFEA} = {1654A2C2-EC73-4096-A25C-47A2C3793F3B}
		{B5679974-CE31-4A72-B185-E43DABA7C103} = {1654A2C2-EC73-4096-A25C-47A2C3793F3B}
		{C3B10A90-8FC8-4CA5-AB77-18A4B1692AEE} = {1654A2C2-EC73-4096-A25C-47A2C3793F3B}
		{BEFA0AC7-9EA2-4AC4-A884-00DF04967175} = {1654A2C2-EC73-4096-A25C-47A2C3793F3B}
		{9AC7801D-2FEE-4A17-A0D3-50DE38AE24CD} = {1654A2C2-EC73-4096-A25C-47A2C3793F3B}
		{2446DA67-32B2-43F9-A394-2F59487E11BB} = {1654A2C2-EC73-4096-A25C-47A2C3793F3B}
		{98C91029-5D5F-4CAE-877D-36993FD9EE7F} = {1654A2C2-EC73-4096-A25C-47A2C3793F3B}
		{4859F425-5B4C-4EEE-9121-705AE278B534} = {1654A2C2-EC73-4096-A25C-47A2C3793F3B}
		{BEDB3E1C-DD3F-49BA-9BA3-B8FD433CEBF9} = {1654A2C2-EC73-4096-A25C-47A2C3793F3B}
		{C9250558-0F94-438A-B9CB-687801B1A717} = {1654A2C2-EC73-4096-A25C-47A2C3793F3B}
		{DFE94B56-C0E1-439D-958B-E3897485B692} = {1654A2C2-EC73-4096-A25C-47A2C3793F3B}
		{CD7AD73C-23EE-44A4-9C63-8E9993E2249C} = {1654A2C2-EC73-4096-A25C-47A2C3793F3B}
		{8F1CFFF2-4D69-4904-9098-F05E41BFC49C} = {1654A2C2-EC73-4096-A25C-47A2C3793F3B}
		{7427B37C-B1BC-485B-A626-B0B336A78543} = {1654A2C2-EC73-4096-A25C-47A2C3793F3B}
		{CC45BF72-989C-42E5-971B-D19AD471453F} = {1654A2C2-EC73-4096-A25C-47A2C3793F3B}
		{E72F7736-F615-4235-83F8-C43EC6CA03C7} = {1654A2C2-EC73-4096-A25C-47A2C3793F3B}
		{C1817519-0996-469C-9E00-63D2ADA15242} = {1654A2C2-EC73-4096-A25C-47A2C3793F3B}
		{5CB3149B-1805-428A-8B99-1A88C6268AE6} = {1654A2C2-EC73-4096-A25C-47A2C3793F3B}
		{421F64C7-609A-4F87-98C0-F50E6395B00B} = {1654A2C2-EC73-4096-A25C-47A2C3793F3B}
		{AE3C6172-FDEE-468C-AA74-6E17AE24E887} = {1654A2C2-EC73-4096-A25C-47A2C3793F3B}
		{D89BD0F3-377A-476C-8ED1-DFB6022FFF8B} = {1654A2C2-EC73-4096-A25C-47A2C3793F3B}
		{E3E2B1B4-1B96-41EB-876A-688162E5F5D2} = {1654A2C2-EC73-4096-A25C-47A2C3793F3B}
		{A682A259-48FC-4659-907F-33D2D747F612} = {1654A2C2-EC73-4096-A25C-47A2C3793F3B}
		{08ABF6C9-F9F6-471D-A30D-87994DB9477B} = {1654A2C2-EC73-4096-A25C-47A2C3793F3B}
		{86DFD6F2-0D8F-4FE2-B02C-CED914D308A6} = {1654A2C2-EC73-4096-A25C-47A2C3793F3B}
		{094F52D7-2E75-42B9-80E7-A719CD014D5A} = {1654A2C2-EC73-4096-A25C-47A2C3793F3B}
		{1F18E619-65CE-4DF4-9A46-6D3EAFA19F3C} = {1654A2C2-EC73-4096-A25C-47A2C3793F3B}
	EndGlobalSection
	GlobalSection(ExtensibilityGlobals) = postSolution
		SolutionGuid = {16E06DE2-C43C-44BB-B787-A4A120D8EDBC}
	EndGlobalSection
EndGlobal
