
Microsoft Visual Studio Solution File, Format Version 12.00
# Visual Studio Version 16
VisualStudioVersion = 16.0.30114.105
MinimumVisualStudioVersion = 10.0.40219.1
Project("{FAE04EC0-301F-11D3-BF4B-00C04F79EFBC}") = "R5T.Findhorn.DropboxRivet", "R5T.Findhorn.DropboxRivet\R5T.Findhorn.DropboxRivet.csproj", "{06E0EA43-D142-4D2F-96BE-FC69DCD029FC}"
EndProject
Project("{FAE04EC0-301F-11D3-BF4B-00C04F79EFBC}") = "R5T.Findhorn.DropboxRivet.Construction", "R5T.Findhorn.DropboxRivet.Construction\R5T.Findhorn.DropboxRivet.Construction.csproj", "{B6A49BDA-3308-4512-88A6-77D47342C89A}"
EndProject
Project("{FAE04EC0-301F-11D3-BF4B-00C04F79EFBC}") = "R5T.Findhorn.DropboxRivet.Testing", "R5T.Findhorn.DropboxRivet.Testing\R5T.Findhorn.DropboxRivet.Testing.csproj", "{273D370F-3BC8-4440-979F-DE7AFF8D15E5}"
EndProject
Global
	GlobalSection(SolutionConfigurationPlatforms) = preSolution
		Debug|Any CPU = Debug|Any CPU
		Debug|x64 = Debug|x64
		Debug|x86 = Debug|x86
		Release|Any CPU = Release|Any CPU
		Release|x64 = Release|x64
		Release|x86 = Release|x86
	EndGlobalSection
	GlobalSection(SolutionProperties) = preSolution
		HideSolutionNode = FALSE
	EndGlobalSection
	GlobalSection(ProjectConfigurationPlatforms) = postSolution
		{06E0EA43-D142-4D2F-96BE-FC69DCD029FC}.Debug|Any CPU.ActiveCfg = Debug|Any CPU
		{06E0EA43-D142-4D2F-96BE-FC69DCD029FC}.Debug|Any CPU.Build.0 = Debug|Any CPU
		{06E0EA43-D142-4D2F-96BE-FC69DCD029FC}.Debug|x64.ActiveCfg = Debug|Any CPU
		{06E0EA43-D142-4D2F-96BE-FC69DCD029FC}.Debug|x64.Build.0 = Debug|Any CPU
		{06E0EA43-D142-4D2F-96BE-FC69DCD029FC}.Debug|x86.ActiveCfg = Debug|Any CPU
		{06E0EA43-D142-4D2F-96BE-FC69DCD029FC}.Debug|x86.Build.0 = Debug|Any CPU
		{06E0EA43-D142-4D2F-96BE-FC69DCD029FC}.Release|Any CPU.ActiveCfg = Release|Any CPU
		{06E0EA43-D142-4D2F-96BE-FC69DCD029FC}.Release|Any CPU.Build.0 = Release|Any CPU
		{06E0EA43-D142-4D2F-96BE-FC69DCD029FC}.Release|x64.ActiveCfg = Release|Any CPU
		{06E0EA43-D142-4D2F-96BE-FC69DCD029FC}.Release|x64.Build.0 = Release|Any CPU
		{06E0EA43-D142-4D2F-96BE-FC69DCD029FC}.Release|x86.ActiveCfg = Release|Any CPU
		{06E0EA43-D142-4D2F-96BE-FC69DCD029FC}.Release|x86.Build.0 = Release|Any CPU
		{B6A49BDA-3308-4512-88A6-77D47342C89A}.Debug|Any CPU.ActiveCfg = Debug|Any CPU
		{B6A49BDA-3308-4512-88A6-77D47342C89A}.Debug|Any CPU.Build.0 = Debug|Any CPU
		{B6A49BDA-3308-4512-88A6-77D47342C89A}.Debug|x64.ActiveCfg = Debug|Any CPU
		{B6A49BDA-3308-4512-88A6-77D47342C89A}.Debug|x64.Build.0 = Debug|Any CPU
		{B6A49BDA-3308-4512-88A6-77D47342C89A}.Debug|x86.ActiveCfg = Debug|Any CPU
		{B6A49BDA-3308-4512-88A6-77D47342C89A}.Debug|x86.Build.0 = Debug|Any CPU
		{B6A49BDA-3308-4512-88A6-77D47342C89A}.Release|Any CPU.ActiveCfg = Release|Any CPU
		{B6A49BDA-3308-4512-88A6-77D47342C89A}.Release|Any CPU.Build.0 = Release|Any CPU
		{B6A49BDA-3308-4512-88A6-77D47342C89A}.Release|x64.ActiveCfg = Release|Any CPU
		{B6A49BDA-3308-4512-88A6-77D47342C89A}.Release|x64.Build.0 = Release|Any CPU
		{B6A49BDA-3308-4512-88A6-77D47342C89A}.Release|x86.ActiveCfg = Release|Any CPU
		{B6A49BDA-3308-4512-88A6-77D47342C89A}.Release|x86.Build.0 = Release|Any CPU
		{273D370F-3BC8-4440-979F-DE7AFF8D15E5}.Debug|Any CPU.ActiveCfg = Debug|Any CPU
		{273D370F-3BC8-4440-979F-DE7AFF8D15E5}.Debug|Any CPU.Build.0 = Debug|Any CPU
		{273D370F-3BC8-4440-979F-DE7AFF8D15E5}.Debug|x64.ActiveCfg = Debug|Any CPU
		{273D370F-3BC8-4440-979F-DE7AFF8D15E5}.Debug|x64.Build.0 = Debug|Any CPU
		{273D370F-3BC8-4440-979F-DE7AFF8D15E5}.Debug|x86.ActiveCfg = Debug|Any CPU
		{273D370F-3BC8-4440-979F-DE7AFF8D15E5}.Debug|x86.Build.0 = Debug|Any CPU
		{273D370F-3BC8-4440-979F-DE7AFF8D15E5}.Release|Any CPU.ActiveCfg = Release|Any CPU
		{273D370F-3BC8-4440-979F-DE7AFF8D15E5}.Release|Any CPU.Build.0 = Release|Any CPU
		{273D370F-3BC8-4440-979F-DE7AFF8D15E5}.Release|x64.ActiveCfg = Release|Any CPU
		{273D370F-3BC8-4440-979F-DE7AFF8D15E5}.Release|x64.Build.0 = Release|Any CPU
		{273D370F-3BC8-4440-979F-DE7AFF8D15E5}.Release|x86.ActiveCfg = Release|Any CPU
		{273D370F-3BC8-4440-979F-DE7AFF8D15E5}.Release|x86.Build.0 = Release|Any CPU
	EndGlobalSection
EndGlobal
